
Microsoft Visual Studio Solution File, Format Version 12.00
# Visual Studio Version 16
VisualStudioVersion = 16.0.31321.278
MinimumVisualStudioVersion = 10.0.40219.1
Project("{9A19103F-16F7-4668-BE54-9A1E7A4F7556}") = "Common.SeedWork", "Common.SeedWork\Common.SeedWork.csproj", "{7B25ACCF-6F72-4E6C-90E6-4838352C6542}"
EndProject
Project("{9A19103F-16F7-4668-BE54-9A1E7A4F7556}") = "DDDBicycleShopOrderManagementService", "DDDBicycleShopOrderManagementService\DDDBicycleShopOrderManagementService.csproj", "{CAFCBE56-215C-4CA3-8137-8D390C15CA1E}"
EndProject
Project("{00D1A9C2-B5F0-4AF3-8072-F6C62B433612}") = "DDDBicycleProject", "Storage\DDDBicycleProject.sqlproj", "{02568652-ABFF-467E-88CE-622B7A3D9B13}"
EndProject
Project("{FAE04EC0-301F-11D3-BF4B-00C04F79EFBC}") = "ApiApplication", "ApiApplication\ApiApplication.csproj", "{F3E2B928-0C0B-4F88-B0A9-49F791411F3C}"
EndProject
Project("{FAE04EC0-301F-11D3-BF4B-00C04F79EFBC}") = "DDDBicycleShopOrderManagementServiceTest", "DDDBicycleShopOrderManagementServiceTest\DDDBicycleShopOrderManagementServiceTest.csproj", "{E0A99E1C-BE62-4578-97AC-B9160C891B5B}"
EndProject
Project("{FAE04EC0-301F-11D3-BF4B-00C04F79EFBC}") = "OrderManagementService", "OrderManagementService\OrderManagementService.csproj", "{90C17527-9208-4E09-965D-5E1602773FA1}"
EndProject
Global
	GlobalSection(SolutionConfigurationPlatforms) = preSolution
		Debug|Any CPU = Debug|Any CPU
		Release|Any CPU = Release|Any CPU
	EndGlobalSection
	GlobalSection(ProjectConfigurationPlatforms) = postSolution
		{7B25ACCF-6F72-4E6C-90E6-4838352C6542}.Debug|Any CPU.ActiveCfg = Debug|Any CPU
		{7B25ACCF-6F72-4E6C-90E6-4838352C6542}.Debug|Any CPU.Build.0 = Debug|Any CPU
		{7B25ACCF-6F72-4E6C-90E6-4838352C6542}.Release|Any CPU.ActiveCfg = Release|Any CPU
		{7B25ACCF-6F72-4E6C-90E6-4838352C6542}.Release|Any CPU.Build.0 = Release|Any CPU
		{CAFCBE56-215C-4CA3-8137-8D390C15CA1E}.Debug|Any CPU.ActiveCfg = Debug|Any CPU
		{CAFCBE56-215C-4CA3-8137-8D390C15CA1E}.Debug|Any CPU.Build.0 = Debug|Any CPU
		{CAFCBE56-215C-4CA3-8137-8D390C15CA1E}.Release|Any CPU.ActiveCfg = Release|Any CPU
		{CAFCBE56-215C-4CA3-8137-8D390C15CA1E}.Release|Any CPU.Build.0 = Release|Any CPU
		{02568652-ABFF-467E-88CE-622B7A3D9B13}.Debug|Any CPU.ActiveCfg = Debug|Any CPU
		{02568652-ABFF-467E-88CE-622B7A3D9B13}.Debug|Any CPU.Build.0 = Debug|Any CPU
		{02568652-ABFF-467E-88CE-622B7A3D9B13}.Debug|Any CPU.Deploy.0 = Debug|Any CPU
		{02568652-ABFF-467E-88CE-622B7A3D9B13}.Release|Any CPU.ActiveCfg = Release|Any CPU
		{02568652-ABFF-467E-88CE-622B7A3D9B13}.Release|Any CPU.Build.0 = Release|Any CPU
		{02568652-ABFF-467E-88CE-622B7A3D9B13}.Release|Any CPU.Deploy.0 = Release|Any CPU
		{F3E2B928-0C0B-4F88-B0A9-49F791411F3C}.Debug|Any CPU.ActiveCfg = Debug|Any CPU
		{F3E2B928-0C0B-4F88-B0A9-49F791411F3C}.Debug|Any CPU.Build.0 = Debug|Any CPU
		{F3E2B928-0C0B-4F88-B0A9-49F791411F3C}.Release|Any CPU.ActiveCfg = Release|Any CPU
		{F3E2B928-0C0B-4F88-B0A9-49F791411F3C}.Release|Any CPU.Build.0 = Release|Any CPU
		{E0A99E1C-BE62-4578-97AC-B9160C891B5B}.Debug|Any CPU.ActiveCfg = Debug|Any CPU
		{E0A99E1C-BE62-4578-97AC-B9160C891B5B}.Debug|Any CPU.Build.0 = Debug|Any CPU
		{E0A99E1C-BE62-4578-97AC-B9160C891B5B}.Release|Any CPU.ActiveCfg = Release|Any CPU
		{E0A99E1C-BE62-4578-97AC-B9160C891B5B}.Release|Any CPU.Build.0 = Release|Any CPU
		{90C17527-9208-4E09-965D-5E1602773FA1}.Debug|Any CPU.ActiveCfg = Debug|Any CPU
		{90C17527-9208-4E09-965D-5E1602773FA1}.Debug|Any CPU.Build.0 = Debug|Any CPU
		{90C17527-9208-4E09-965D-5E1602773FA1}.Release|Any CPU.ActiveCfg = Release|Any CPU
		{90C17527-9208-4E09-965D-5E1602773FA1}.Release|Any CPU.Build.0 = Release|Any CPU
	EndGlobalSection
	GlobalSection(SolutionProperties) = preSolution
		HideSolutionNode = FALSE
	EndGlobalSection
	GlobalSection(ExtensibilityGlobals) = postSolution
		SolutionGuid = {93E6FD4B-261D-4B36-84E5-22F199A616D0}
	EndGlobalSection
EndGlobal
